// !$*UTF8*$!
{
	archiveVersion = 1;
	classes = {
	};
	objectVersion = 48;
	objects = {

/* Begin PBXBuildFile section */
		20B56359223B7DF60082C068 /* AppDelegate.swift in Sources */ = {isa = PBXBuildFile; fileRef = 20B56358223B7DF60082C068 /* AppDelegate.swift */; };
		20B5635E223B7DF60082C068 /* Main.storyboard in Resources */ = {isa = PBXBuildFile; fileRef = 20B5635C223B7DF60082C068 /* Main.storyboard */; };
		20B56360223B7DF60082C068 /* Assets.xcassets in Resources */ = {isa = PBXBuildFile; fileRef = 20B5635F223B7DF60082C068 /* Assets.xcassets */; };
		20B56363223B7DF60082C068 /* LaunchScreen.storyboard in Resources */ = {isa = PBXBuildFile; fileRef = 20B56361223B7DF60082C068 /* LaunchScreen.storyboard */; };
		20B5636E223B7DF60082C068 /* JobListTests.swift in Sources */ = {isa = PBXBuildFile; fileRef = 20B5636D223B7DF60082C068 /* JobListTests.swift */; };
		20B56379223B881F0082C068 /* JobListViewController.swift in Sources */ = {isa = PBXBuildFile; fileRef = 20B56378223B881F0082C068 /* JobListViewController.swift */; };
		20B5637B223B88340082C068 /* JobDetailsViewController.swift in Sources */ = {isa = PBXBuildFile; fileRef = 20B5637A223B88340082C068 /* JobDetailsViewController.swift */; };
		20B5637D223B8BB20082C068 /* JobListTableViewCell.swift in Sources */ = {isa = PBXBuildFile; fileRef = 20B5637C223B8BB20082C068 /* JobListTableViewCell.swift */; };
		20B5637F223B8C710082C068 /* Job.swift in Sources */ = {isa = PBXBuildFile; fileRef = 20B5637E223B8C710082C068 /* Job.swift */; };
		20B56381223BAC390082C068 /* JobsAPI.swift in Sources */ = {isa = PBXBuildFile; fileRef = 20B56380223BAC390082C068 /* JobsAPI.swift */; };
		20B56383223BC33E0082C068 /* Globals.swift in Sources */ = {isa = PBXBuildFile; fileRef = 20B56382223BC33E0082C068 /* Globals.swift */; };
/* End PBXBuildFile section */

/* Begin PBXContainerItemProxy section */
		20B5636A223B7DF60082C068 /* PBXContainerItemProxy */ = {
			isa = PBXContainerItemProxy;
			containerPortal = 20B5634D223B7DF60082C068 /* Project object */;
			proxyType = 1;
			remoteGlobalIDString = 20B56354223B7DF60082C068;
			remoteInfo = JobList;
		};
/* End PBXContainerItemProxy section */

/* Begin PBXFileReference section */
		20B56355223B7DF60082C068 /* JobList.app */ = {isa = PBXFileReference; explicitFileType = wrapper.application; includeInIndex = 0; path = JobList.app; sourceTree = BUILT_PRODUCTS_DIR; };
		20B56358223B7DF60082C068 /* AppDelegate.swift */ = {isa = PBXFileReference; lastKnownFileType = sourcecode.swift; path = AppDelegate.swift; sourceTree = "<group>"; };
		20B5635D223B7DF60082C068 /* Base */ = {isa = PBXFileReference; lastKnownFileType = file.storyboard; name = Base; path = Base.lproj/Main.storyboard; sourceTree = "<group>"; };
		20B5635F223B7DF60082C068 /* Assets.xcassets */ = {isa = PBXFileReference; lastKnownFileType = folder.assetcatalog; path = Assets.xcassets; sourceTree = "<group>"; };
		20B56362223B7DF60082C068 /* Base */ = {isa = PBXFileReference; lastKnownFileType = file.storyboard; name = Base; path = Base.lproj/LaunchScreen.storyboard; sourceTree = "<group>"; };
		20B56364223B7DF60082C068 /* Info.plist */ = {isa = PBXFileReference; lastKnownFileType = text.plist.xml; path = Info.plist; sourceTree = "<group>"; };
		20B56369223B7DF60082C068 /* JobListTests.xctest */ = {isa = PBXFileReference; explicitFileType = wrapper.cfbundle; includeInIndex = 0; path = JobListTests.xctest; sourceTree = BUILT_PRODUCTS_DIR; };
		20B5636D223B7DF60082C068 /* JobListTests.swift */ = {isa = PBXFileReference; lastKnownFileType = sourcecode.swift; path = JobListTests.swift; sourceTree = "<group>"; };
		20B5636F223B7DF60082C068 /* Info.plist */ = {isa = PBXFileReference; lastKnownFileType = text.plist.xml; path = Info.plist; sourceTree = "<group>"; };
		20B56378223B881F0082C068 /* JobListViewController.swift */ = {isa = PBXFileReference; lastKnownFileType = sourcecode.swift; path = JobListViewController.swift; sourceTree = "<group>"; };
		20B5637A223B88340082C068 /* JobDetailsViewController.swift */ = {isa = PBXFileReference; lastKnownFileType = sourcecode.swift; path = JobDetailsViewController.swift; sourceTree = "<group>"; };
		20B5637C223B8BB20082C068 /* JobListTableViewCell.swift */ = {isa = PBXFileReference; lastKnownFileType = sourcecode.swift; path = JobListTableViewCell.swift; sourceTree = "<group>"; };
		20B5637E223B8C710082C068 /* Job.swift */ = {isa = PBXFileReference; lastKnownFileType = sourcecode.swift; path = Job.swift; sourceTree = "<group>"; };
		20B56380223BAC390082C068 /* JobsAPI.swift */ = {isa = PBXFileReference; lastKnownFileType = sourcecode.swift; path = JobsAPI.swift; sourceTree = "<group>"; };
		20B56382223BC33E0082C068 /* Globals.swift */ = {isa = PBXFileReference; lastKnownFileType = sourcecode.swift; path = Globals.swift; sourceTree = "<group>"; };
/* End PBXFileReference section */

/* Begin PBXFrameworksBuildPhase section */
		20B56352223B7DF60082C068 /* Frameworks */ = {
			isa = PBXFrameworksBuildPhase;
			buildActionMask = 2147483647;
			files = (
			);
			runOnlyForDeploymentPostprocessing = 0;
		};
		20B56366223B7DF60082C068 /* Frameworks */ = {
			isa = PBXFrameworksBuildPhase;
			buildActionMask = 2147483647;
			files = (
			);
			runOnlyForDeploymentPostprocessing = 0;
		};
/* End PBXFrameworksBuildPhase section */

/* Begin PBXGroup section */
		20B5634C223B7DF60082C068 = {
			isa = PBXGroup;
			children = (
				20B56357223B7DF60082C068 /* JobList */,
				20B5636C223B7DF60082C068 /* JobListTests */,
				20B56356223B7DF60082C068 /* Products */,
			);
			sourceTree = "<group>";
		};
		20B56356223B7DF60082C068 /* Products */ = {
			isa = PBXGroup;
			children = (
				20B56355223B7DF60082C068 /* JobList.app */,
				20B56369223B7DF60082C068 /* JobListTests.xctest */,
			);
			name = Products;
			sourceTree = "<group>";
		};
		20B56357223B7DF60082C068 /* JobList */ = {
			isa = PBXGroup;
			children = (
				20B56358223B7DF60082C068 /* AppDelegate.swift */,
				20B5635C223B7DF60082C068 /* Main.storyboard */,
				20B5635F223B7DF60082C068 /* Assets.xcassets */,
				20B56361223B7DF60082C068 /* LaunchScreen.storyboard */,
				20B56364223B7DF60082C068 /* Info.plist */,
				20B56378223B881F0082C068 /* JobListViewController.swift */,
				20B5637A223B88340082C068 /* JobDetailsViewController.swift */,
				20B5637C223B8BB20082C068 /* JobListTableViewCell.swift */,
				20B5637E223B8C710082C068 /* Job.swift */,
				20B56380223BAC390082C068 /* JobsAPI.swift */,
				20B56382223BC33E0082C068 /* Globals.swift */,
			);
			path = JobList;
			sourceTree = "<group>";
		};
		20B5636C223B7DF60082C068 /* JobListTests */ = {
			isa = PBXGroup;
			children = (
				20B5636D223B7DF60082C068 /* JobListTests.swift */,
				20B5636F223B7DF60082C068 /* Info.plist */,
			);
			path = JobListTests;
			sourceTree = "<group>";
		};
/* End PBXGroup section */

/* Begin PBXNativeTarget section */
		20B56354223B7DF60082C068 /* JobList */ = {
			isa = PBXNativeTarget;
			buildConfigurationList = 20B56372223B7DF60082C068 /* Build configuration list for PBXNativeTarget "JobList" */;
			buildPhases = (
				20B56351223B7DF60082C068 /* Sources */,
				20B56352223B7DF60082C068 /* Frameworks */,
				20B56353223B7DF60082C068 /* Resources */,
			);
			buildRules = (
			);
			dependencies = (
			);
			name = JobList;
			productName = JobList;
			productReference = 20B56355223B7DF60082C068 /* JobList.app */;
			productType = "com.apple.product-type.application";
		};
		20B56368223B7DF60082C068 /* JobListTests */ = {
			isa = PBXNativeTarget;
			buildConfigurationList = 20B56375223B7DF60082C068 /* Build configuration list for PBXNativeTarget "JobListTests" */;
			buildPhases = (
				20B56365223B7DF60082C068 /* Sources */,
				20B56366223B7DF60082C068 /* Frameworks */,
				20B56367223B7DF60082C068 /* Resources */,
			);
			buildRules = (
			);
			dependencies = (
				20B5636B223B7DF60082C068 /* PBXTargetDependency */,
			);
			name = JobListTests;
			productName = JobListTests;
			productReference = 20B56369223B7DF60082C068 /* JobListTests.xctest */;
			productType = "com.apple.product-type.bundle.unit-test";
		};
/* End PBXNativeTarget section */

/* Begin PBXProject section */
		20B5634D223B7DF60082C068 /* Project object */ = {
			isa = PBXProject;
			attributes = {
				LastSwiftUpdateCheck = 0910;
				LastUpgradeCheck = 0910;
				ORGANIZATIONNAME = TempAc;
				TargetAttributes = {
					20B56354223B7DF60082C068 = {
						CreatedOnToolsVersion = 9.1;
						ProvisioningStyle = Automatic;
					};
					20B56368223B7DF60082C068 = {
						CreatedOnToolsVersion = 9.1;
						ProvisioningStyle = Automatic;
						TestTargetID = 20B56354223B7DF60082C068;
					};
				};
			};
			buildConfigurationList = 20B56350223B7DF60082C068 /* Build configuration list for PBXProject "JobList" */;
			compatibilityVersion = "Xcode 8.0";
			developmentRegion = en;
			hasScannedForEncodings = 0;
			knownRegions = (
				en,
				Base,
			);
			mainGroup = 20B5634C223B7DF60082C068;
			productRefGroup = 20B56356223B7DF60082C068 /* Products */;
			projectDirPath = "";
			projectRoot = "";
			targets = (
				20B56354223B7DF60082C068 /* JobList */,
				20B56368223B7DF60082C068 /* JobListTests */,
			);
		};
/* End PBXProject section */

/* Begin PBXResourcesBuildPhase section */
		20B56353223B7DF60082C068 /* Resources */ = {
			isa = PBXResourcesBuildPhase;
			buildActionMask = 2147483647;
			files = (
				20B56363223B7DF60082C068 /* LaunchScreen.storyboard in Resources */,
				20B56360223B7DF60082C068 /* Assets.xcassets in Resources */,
				20B5635E223B7DF60082C068 /* Main.storyboard in Resources */,
			);
			runOnlyForDeploymentPostprocessing = 0;
		};
		20B56367223B7DF60082C068 /* Resources */ = {
			isa = PBXResourcesBuildPhase;
			buildActionMask = 2147483647;
			files = (
			);
			runOnlyForDeploymentPostprocessing = 0;
		};
/* End PBXResourcesBuildPhase section */

/* Begin PBXSourcesBuildPhase section */
		20B56351223B7DF60082C068 /* Sources */ = {
			isa = PBXSourcesBuildPhase;
			buildActionMask = 2147483647;
			files = (
				20B56379223B881F0082C068 /* JobListViewController.swift in Sources */,
				20B5637B223B88340082C068 /* JobDetailsViewController.swift in Sources */,
				20B56381223BAC390082C068 /* JobsAPI.swift in Sources */,
				20B56359223B7DF60082C068 /* AppDelegate.swift in Sources */,
				20B5637D223B8BB20082C068 /* JobListTableViewCell.swift in Sources */,
				20B56383223BC33E0082C068 /* Globals.swift in Sources */,
				20B5637F223B8C710082C068 /* Job.swift in Sources */,
			);
			runOnlyForDeploymentPostprocessing = 0;
		};
		20B56365223B7DF60082C068 /* Sources */ = {
			isa = PBXSourcesBuildPhase;
			buildActionMask = 2147483647;
			files = (
				20B5636E223B7DF60082C068 /* JobListTests.swift in Sources */,
			);
			runOnlyForDeploymentPostprocessing = 0;
		};
/* End PBXSourcesBuildPhase section */

/* Begin PBXTargetDependency section */
		20B5636B223B7DF60082C068 /* PBXTargetDependency */ = {
			isa = PBXTargetDependency;
			target = 20B56354223B7DF60082C068 /* JobList */;
			targetProxy = 20B5636A223B7DF60082C068 /* PBXContainerItemProxy */;
		};
/* End PBXTargetDependency section */

/* Begin PBXVariantGroup section */
		20B5635C223B7DF60082C068 /* Main.storyboard */ = {
			isa = PBXVariantGroup;
			children = (
				20B5635D223B7DF60082C068 /* Base */,
			);
			name = Main.storyboard;
			sourceTree = "<group>";
		};
		20B56361223B7DF60082C068 /* LaunchScreen.storyboard */ = {
			isa = PBXVariantGroup;
			children = (
				20B56362223B7DF60082C068 /* Base */,
			);
			name = LaunchScreen.storyboard;
			sourceTree = "<group>";
		};
/* End PBXVariantGroup section */

/* Begin XCBuildConfiguration section */
		20B56370223B7DF60082C068 /* Debug */ = {
			isa = XCBuildConfiguration;
			buildSettings = {
				ALWAYS_SEARCH_USER_PATHS = NO;
				CLANG_ANALYZER_NONNULL = YES;
				CLANG_ANALYZER_NUMBER_OBJECT_CONVERSION = YES_AGGRESSIVE;
				CLANG_CXX_LANGUAGE_STANDARD = "gnu++14";
				CLANG_CXX_LIBRARY = "libc++";
				CLANG_ENABLE_MODULES = YES;
				CLANG_ENABLE_OBJC_ARC = YES;
				CLANG_WARN_BLOCK_CAPTURE_AUTORELEASING = YES;
				CLANG_WARN_BOOL_CONVERSION = YES;
				CLANG_WARN_COMMA = YES;
				CLANG_WARN_CONSTANT_CONVERSION = YES;
				CLANG_WARN_DIRECT_OBJC_ISA_USAGE = YES_ERROR;
				CLANG_WARN_DOCUMENTATION_COMMENTS = YES;
				CLANG_WARN_EMPTY_BODY = YES;
				CLANG_WARN_ENUM_CONVERSION = YES;
				CLANG_WARN_INFINITE_RECURSION = YES;
				CLANG_WARN_INT_CONVERSION = YES;
				CLANG_WARN_NON_LITERAL_NULL_CONVERSION = YES;
				CLANG_WARN_OBJC_LITERAL_CONVERSION = YES;
				CLANG_WARN_OBJC_ROOT_CLASS = YES_ERROR;
				CLANG_WARN_RANGE_LOOP_ANALYSIS = YES;
				CLANG_WARN_STRICT_PROTOTYPES = YES;
				CLANG_WARN_SUSPICIOUS_MOVE = YES;
				CLANG_WARN_UNGUARDED_AVAILABILITY = YES_AGGRESSIVE;
				CLANG_WARN_UNREACHABLE_CODE = YES;
				CLANG_WARN__DUPLICATE_METHOD_MATCH = YES;
				CODE_SIGN_IDENTITY = "iPhone Developer";
				COPY_PHASE_STRIP = NO;
				DEBUG_INFORMATION_FORMAT = dwarf;
				ENABLE_STRICT_OBJC_MSGSEND = YES;
				ENABLE_TESTABILITY = YES;
				GCC_C_LANGUAGE_STANDARD = gnu11;
				GCC_DYNAMIC_NO_PIC = NO;
				GCC_NO_COMMON_BLOCKS = YES;
				GCC_OPTIMIZATION_LEVEL = 0;
				GCC_PREPROCESSOR_DEFINITIONS = (
					"DEBUG=1",
					"$(inherited)",
				);
				GCC_WARN_64_TO_32_BIT_CONVERSION = YES;
				GCC_WARN_ABOUT_RETURN_TYPE = YES_ERROR;
				GCC_WARN_UNDECLARED_SELECTOR = YES;
				GCC_WARN_UNINITIALIZED_AUTOS = YES_AGGRESSIVE;
				GCC_WARN_UNUSED_FUNCTION = YES;
				GCC_WARN_UNUSED_VARIABLE = YES;
				IPHONEOS_DEPLOYMENT_TARGET = 11.1;
				MTL_ENABLE_DEBUG_INFO = YES;
				ONLY_ACTIVE_ARCH = YES;
				SDKROOT = iphoneos;
				SWIFT_ACTIVE_COMPILATION_CONDITIONS = DEBUG;
				SWIFT_OPTIMIZATION_LEVEL = "-Onone";
			};
			name = Debug;
		};
		20B56371223B7DF60082C068 /* Release */ = {
			isa = XCBuildConfiguration;
			buildSettings = {
				ALWAYS_SEARCH_USER_PATHS = NO;
				CLANG_ANALYZER_NONNULL = YES;
				CLANG_ANALYZER_NUMBER_OBJECT_CONVERSION = YES_AGGRESSIVE;
				CLANG_CXX_LANGUAGE_STANDARD = "gnu++14";
				CLANG_CXX_LIBRARY = "libc++";
				CLANG_ENABLE_MODULES = YES;
				CLANG_ENABLE_OBJC_ARC = YES;
				CLANG_WARN_BLOCK_CAPTURE_AUTORELEASING = YES;
				CLANG_WARN_BOOL_CONVERSION = YES;
				CLANG_WARN_COMMA = YES;
				CLANG_WARN_CONSTANT_CONVERSION = YES;
				CLANG_WARN_DIRECT_OBJC_ISA_USAGE = YES_ERROR;
				CLANG_WARN_DOCUMENTATION_COMMENTS = YES;
				CLANG_WARN_EMPTY_BODY = YES;
				CLANG_WARN_ENUM_CONVERSION = YES;
				CLANG_WARN_INFINITE_RECURSION = YES;
				CLANG_WARN_INT_CONVERSION = YES;
				CLANG_WARN_NON_LITERAL_NULL_CONVERSION = YES;
				CLANG_WARN_OBJC_LITERAL_CONVERSION = YES;
				CLANG_WARN_OBJC_ROOT_CLASS = YES_ERROR;
				CLANG_WARN_RANGE_LOOP_ANALYSIS = YES;
				CLANG_WARN_STRICT_PROTOTYPES = YES;
				CLANG_WARN_SUSPICIOUS_MOVE = YES;
				CLANG_WARN_UNGUARDED_AVAILABILITY = YES_AGGRESSIVE;
				CLANG_WARN_UNREACHABLE_CODE = YES;
				CLANG_WARN__DUPLICATE_METHOD_MATCH = YES;
				CODE_SIGN_IDENTITY = "iPhone Developer";
				COPY_PHASE_STRIP = NO;
				DEBUG_INFORMATION_FORMAT = "dwarf-with-dsym";
				ENABLE_NS_ASSERTIONS = NO;
				ENABLE_STRICT_OBJC_MSGSEND = YES;
				GCC_C_LANGUAGE_STANDARD = gnu11;
				GCC_NO_COMMON_BLOCKS = YES;
				GCC_WARN_64_TO_32_BIT_CONVERSION = YES;
				GCC_WARN_ABOUT_RETURN_TYPE = YES_ERROR;
				GCC_WARN_UNDECLARED_SELECTOR = YES;
				GCC_WARN_UNINITIALIZED_AUTOS = YES_AGGRESSIVE;
				GCC_WARN_UNUSED_FUNCTION = YES;
				GCC_WARN_UNUSED_VARIABLE = YES;
				IPHONEOS_DEPLOYMENT_TARGET = 11.1;
				MTL_ENABLE_DEBUG_INFO = NO;
				SDKROOT = iphoneos;
				SWIFT_OPTIMIZATION_LEVEL = "-Owholemodule";
				VALIDATE_PRODUCT = YES;
			};
			name = Release;
		};
		20B56373223B7DF60082C068 /* Debug */ = {
			isa = XCBuildConfiguration;
			buildSettings = {
				ASSETCATALOG_COMPILER_APPICON_NAME = AppIcon;
				CODE_SIGN_STYLE = Automatic;
				DEVELOPMENT_TEAM = 4PFUG2YU5Q;
				INFOPLIST_FILE = JobList/Info.plist;
				LD_RUNPATH_SEARCH_PATHS = "$(inherited) @executable_path/Frameworks";
				PRODUCT_BUNDLE_IDENTIFIER = tempac.JobList;
				PRODUCT_NAME = "$(TARGET_NAME)";
				SWIFT_VERSION = 4.0;
				TARGETED_DEVICE_FAMILY = "1,2";
			};
			name = Debug;
		};
		20B56374223B7DF60082C068 /* Release */ = {
			isa = XCBuildConfiguration;
			buildSettings = {
				ASSETCATALOG_COMPILER_APPICON_NAME = AppIcon;
				CODE_SIGN_STYLE = Automatic;
				DEVELOPMENT_TEAM = 4PFUG2YU5Q;
				INFOPLIST_FILE = JobList/Info.plist;
				LD_RUNPATH_SEARCH_PATHS = "$(inherited) @executable_path/Frameworks";
				PRODUCT_BUNDLE_IDENTIFIER = tempac.JobList;
				PRODUCT_NAME = "$(TARGET_NAME)";
				SWIFT_VERSION = 4.0;
				TARGETED_DEVICE_FAMILY = "1,2";
			};
			name = Release;
		};
		20B56376223B7DF60082C068 /* Debug */ = {
			isa = XCBuildConfiguration;
			buildSettings = {
				ALWAYS_EMBED_SWIFT_STANDARD_LIBRARIES = YES;
				BUNDLE_LOADER = "$(TEST_HOST)";
				CODE_SIGN_STYLE = Automatic;
				INFOPLIST_FILE = JobListTests/Info.plist;
				LD_RUNPATH_SEARCH_PATHS = "$(inherited) @executable_path/Frameworks @loader_path/Frameworks";
				PRODUCT_BUNDLE_IDENTIFIER = tempac.JobListTests;
				PRODUCT_NAME = "$(TARGET_NAME)";
				SWIFT_VERSION = 4.0;
				TARGETED_DEVICE_FAMILY = "1,2";
				TEST_HOST = "$(BUILT_PRODUCTS_DIR)/JobList.app/JobList";
			};
			name = Debug;
		};
		20B56377223B7DF60082C068 /* Release */ = {
			isa = XCBuildConfiguration;
			buildSettings = {
				ALWAYS_EMBED_SWIFT_STANDARD_LIBRARIES = YES;
				BUNDLE_LOADER = "$(TEST_HOST)";
				CODE_SIGN_STYLE = Automatic;
				INFOPLIST_FILE = JobListTests/Info.plist;
				LD_RUNPATH_SEARCH_PATHS = "$(inherited) @executable_path/Frameworks @loader_path/Frameworks";
				PRODUCT_BUNDLE_IDENTIFIER = tempac.JobListTests;
				PRODUCT_NAME = "$(TARGET_NAME)";
				SWIFT_VERSION = 4.0;
				TARGETED_DEVICE_FAMILY = "1,2";
				TEST_HOST = "$(BUILT_PRODUCTS_DIR)/JobList.app/JobList";
			};
			name = Release;
		};
/* End XCBuildConfiguration section */

/* Begin XCConfigurationList section */
		20B56350223B7DF60082C068 /* Build configuration list for PBXProject "JobList" */ = {
			isa = XCConfigurationList;
			buildConfigurations = (
				20B56370223B7DF60082C068 /* Debug */,
				20B56371223B7DF60082C068 /* Release */,
			);
			defaultConfigurationIsVisible = 0;
			defaultConfigurationName = Release;
		};
		20B56372223B7DF60082C068 /* Build configuration list for PBXNativeTarget "JobList" */ = {
			isa = XCConfigurationList;
			buildConfigurations = (
				20B56373223B7DF60082C068 /* Debug */,
				20B56374223B7DF60082C068 /* Release */,
			);
			defaultConfigurationIsVisible = 0;
			defaultConfigurationName = Release;
		};
		20B56375223B7DF60082C068 /* Build configuration list for PBXNativeTarget "JobListTests" */ = {
			isa = XCConfigurationList;
			buildConfigurations = (
				20B56376223B7DF60082C068 /* Debug */,
				20B56377223B7DF60082C068 /* Release */,
			);
			defaultConfigurationIsVisible = 0;
			defaultConfigurationName = Release;
		};
/* End XCConfigurationList section */
	};
	rootObject = 20B5634D223B7DF60082C068 /* Project object */;
}
